
Microsoft Visual Studio Solution File, Format Version 12.00
# Visual Studio Version 17
VisualStudioVersion = 17.9.34714.143
MinimumVisualStudioVersion = 10.0.40219.1
Project("{9A19103F-16F7-4668-BE54-9A1E7A4F7556}") = "CleanArchitectureLogin.Infrastructure", "CleanArchitectureLogin.Infrastructure\CleanArchitectureLogin.Infrastructure.csproj", "{EB00B0A4-062A-47CB-9204-0BD404B794BC}"
EndProject
Project("{9A19103F-16F7-4668-BE54-9A1E7A4F7556}") = "CleanArchitectureLogin.WebAPI", "CleanArchitectureLogin.WebAPI\CleanArchitectureLogin.WebAPI.csproj", "{A757C402-6907-48F4-9FB5-9E658F307D34}"
EndProject
Project("{FAE04EC0-301F-11D3-BF4B-00C04F79EFBC}") = "CleanArchitectureLogin.Domain", "CleanArchitectureLogin.Domain\CleanArchitectureLogin.Domain.csproj", "{9B420AB0-8DCA-4E25-A5F8-E0C1BDE2DCA6}"
EndProject
Project("{FAE04EC0-301F-11D3-BF4B-00C04F79EFBC}") = "CleanArchitectureLogin.Application", "CleanArchitectureLogin.Application\CleanArchitectureLogin.Application.csproj", "{D7639B7C-0431-4E7E-86A6-6B1ADD748EAD}"
EndProject
Global
	GlobalSection(SolutionConfigurationPlatforms) = preSolution
		Debug|Any CPU = Debug|Any CPU
		Release|Any CPU = Release|Any CPU
	EndGlobalSection
	GlobalSection(ProjectConfigurationPlatforms) = postSolution
		{EB00B0A4-062A-47CB-9204-0BD404B794BC}.Debug|Any CPU.ActiveCfg = Debug|Any CPU
		{EB00B0A4-062A-47CB-9204-0BD404B794BC}.Debug|Any CPU.Build.0 = Debug|Any CPU
		{EB00B0A4-062A-47CB-9204-0BD404B794BC}.Release|Any CPU.ActiveCfg = Release|Any CPU
		{EB00B0A4-062A-47CB-9204-0BD404B794BC}.Release|Any CPU.Build.0 = Release|Any CPU
		{A757C402-6907-48F4-9FB5-9E658F307D34}.Debug|Any CPU.ActiveCfg = Debug|Any CPU
		{A757C402-6907-48F4-9FB5-9E658F307D34}.Debug|Any CPU.Build.0 = Debug|Any CPU
		{A757C402-6907-48F4-9FB5-9E658F307D34}.Release|Any CPU.ActiveCfg = Release|Any CPU
		{A757C402-6907-48F4-9FB5-9E658F307D34}.Release|Any CPU.Build.0 = Release|Any CPU
		{9B420AB0-8DCA-4E25-A5F8-E0C1BDE2DCA6}.Debug|Any CPU.ActiveCfg = Debug|Any CPU
		{9B420AB0-8DCA-4E25-A5F8-E0C1BDE2DCA6}.Debug|Any CPU.Build.0 = Debug|Any CPU
		{9B420AB0-8DCA-4E25-A5F8-E0C1BDE2DCA6}.Release|Any CPU.ActiveCfg = Release|Any CPU
		{9B420AB0-8DCA-4E25-A5F8-E0C1BDE2DCA6}.Release|Any CPU.Build.0 = Release|Any CPU
		{D7639B7C-0431-4E7E-86A6-6B1ADD748EAD}.Debug|Any CPU.ActiveCfg = Debug|Any CPU
		{D7639B7C-0431-4E7E-86A6-6B1ADD748EAD}.Debug|Any CPU.Build.0 = Debug|Any CPU
		{D7639B7C-0431-4E7E-86A6-6B1ADD748EAD}.Release|Any CPU.ActiveCfg = Release|Any CPU
		{D7639B7C-0431-4E7E-86A6-6B1ADD748EAD}.Release|Any CPU.Build.0 = Release|Any CPU
	EndGlobalSection
	GlobalSection(SolutionProperties) = preSolution
		HideSolutionNode = FALSE
	EndGlobalSection
	GlobalSection(ExtensibilityGlobals) = postSolution
		SolutionGuid = {5DC9B475-875A-45AF-8C2C-ABD865FEF48B}
	EndGlobalSection
EndGlobal
